
Microsoft Visual Studio Solution File, Format Version 12.00
# Visual Studio Version 17
VisualStudioVersion = 17.9.34622.214
MinimumVisualStudioVersion = 10.0.40219.1
Project("{9A19103F-16F7-4668-BE54-9A1E7A4F7556}") = "MAUI", "MAUI\MAUI.csproj", "{0CAA8FE0-C443-4AA9-97D3-8F6EC8BFBE25}"
EndProject
Project("{FAE04EC0-301F-11D3-BF4B-00C04F79EFBC}") = "API", "API\API.csproj", "{3250F25A-3764-4907-85AC-211EA08AA541}"
EndProject
Project("{FAE04EC0-301F-11D3-BF4B-00C04F79EFBC}") = "AMMA.Data", "AMMA.Data\AMMA.Data.csproj", "{29629EBC-0502-419D-AE55-6CE764DA2CD0}"
EndProject
Project("{FAE04EC0-301F-11D3-BF4B-00C04F79EFBC}") = "AMMA.Tests", "AMMA.Tests\AMMA.Tests.csproj", "{D4A42343-DF2D-446E-B4AC-8CAE213F5F41}"
EndProject
Global
	GlobalSection(SolutionConfigurationPlatforms) = preSolution
		Debug|Any CPU = Debug|Any CPU
		Debug|x64 = Debug|x64
		Debug|x86 = Debug|x86
		Release|Any CPU = Release|Any CPU
		Release|x64 = Release|x64
		Release|x86 = Release|x86
	EndGlobalSection
	GlobalSection(ProjectConfigurationPlatforms) = postSolution
		{0CAA8FE0-C443-4AA9-97D3-8F6EC8BFBE25}.Debug|Any CPU.ActiveCfg = Debug|Any CPU
		{0CAA8FE0-C443-4AA9-97D3-8F6EC8BFBE25}.Debug|Any CPU.Build.0 = Debug|Any CPU
		{0CAA8FE0-C443-4AA9-97D3-8F6EC8BFBE25}.Debug|Any CPU.Deploy.0 = Debug|Any CPU
		{0CAA8FE0-C443-4AA9-97D3-8F6EC8BFBE25}.Debug|x64.ActiveCfg = Debug|Any CPU
		{0CAA8FE0-C443-4AA9-97D3-8F6EC8BFBE25}.Debug|x64.Build.0 = Debug|Any CPU
		{0CAA8FE0-C443-4AA9-97D3-8F6EC8BFBE25}.Debug|x86.ActiveCfg = Debug|Any CPU
		{0CAA8FE0-C443-4AA9-97D3-8F6EC8BFBE25}.Debug|x86.Build.0 = Debug|Any CPU
		{0CAA8FE0-C443-4AA9-97D3-8F6EC8BFBE25}.Release|Any CPU.ActiveCfg = Release|Any CPU
		{0CAA8FE0-C443-4AA9-97D3-8F6EC8BFBE25}.Release|Any CPU.Build.0 = Release|Any CPU
		{0CAA8FE0-C443-4AA9-97D3-8F6EC8BFBE25}.Release|Any CPU.Deploy.0 = Release|Any CPU
		{0CAA8FE0-C443-4AA9-97D3-8F6EC8BFBE25}.Release|x64.ActiveCfg = Release|Any CPU
		{0CAA8FE0-C443-4AA9-97D3-8F6EC8BFBE25}.Release|x64.Build.0 = Release|Any CPU
		{0CAA8FE0-C443-4AA9-97D3-8F6EC8BFBE25}.Release|x86.ActiveCfg = Release|Any CPU
		{0CAA8FE0-C443-4AA9-97D3-8F6EC8BFBE25}.Release|x86.Build.0 = Release|Any CPU
		{3250F25A-3764-4907-85AC-211EA08AA541}.Debug|Any CPU.ActiveCfg = Debug|Any CPU
		{3250F25A-3764-4907-85AC-211EA08AA541}.Debug|Any CPU.Build.0 = Debug|Any CPU
		{3250F25A-3764-4907-85AC-211EA08AA541}.Debug|x64.ActiveCfg = Debug|Any CPU
		{3250F25A-3764-4907-85AC-211EA08AA541}.Debug|x64.Build.0 = Debug|Any CPU
		{3250F25A-3764-4907-85AC-211EA08AA541}.Debug|x86.ActiveCfg = Debug|Any CPU
		{3250F25A-3764-4907-85AC-211EA08AA541}.Debug|x86.Build.0 = Debug|Any CPU
		{3250F25A-3764-4907-85AC-211EA08AA541}.Release|Any CPU.ActiveCfg = Release|Any CPU
		{3250F25A-3764-4907-85AC-211EA08AA541}.Release|Any CPU.Build.0 = Release|Any CPU
		{3250F25A-3764-4907-85AC-211EA08AA541}.Release|x64.ActiveCfg = Release|Any CPU
		{3250F25A-3764-4907-85AC-211EA08AA541}.Release|x64.Build.0 = Release|Any CPU
		{3250F25A-3764-4907-85AC-211EA08AA541}.Release|x86.ActiveCfg = Release|Any CPU
		{3250F25A-3764-4907-85AC-211EA08AA541}.Release|x86.Build.0 = Release|Any CPU
		{29629EBC-0502-419D-AE55-6CE764DA2CD0}.Debug|Any CPU.ActiveCfg = Debug|Any CPU
		{29629EBC-0502-419D-AE55-6CE764DA2CD0}.Debug|Any CPU.Build.0 = Debug|Any CPU
		{29629EBC-0502-419D-AE55-6CE764DA2CD0}.Debug|x64.ActiveCfg = Debug|Any CPU
		{29629EBC-0502-419D-AE55-6CE764DA2CD0}.Debug|x64.Build.0 = Debug|Any CPU
		{29629EBC-0502-419D-AE55-6CE764DA2CD0}.Debug|x86.ActiveCfg = Debug|Any CPU
		{29629EBC-0502-419D-AE55-6CE764DA2CD0}.Debug|x86.Build.0 = Debug|Any CPU
		{29629EBC-0502-419D-AE55-6CE764DA2CD0}.Release|Any CPU.ActiveCfg = Release|Any CPU
		{29629EBC-0502-419D-AE55-6CE764DA2CD0}.Release|Any CPU.Build.0 = Release|Any CPU
		{29629EBC-0502-419D-AE55-6CE764DA2CD0}.Release|x64.ActiveCfg = Release|Any CPU
		{29629EBC-0502-419D-AE55-6CE764DA2CD0}.Release|x64.Build.0 = Release|Any CPU
		{29629EBC-0502-419D-AE55-6CE764DA2CD0}.Release|x86.ActiveCfg = Release|Any CPU
		{29629EBC-0502-419D-AE55-6CE764DA2CD0}.Release|x86.Build.0 = Release|Any CPU
		{D4A42343-DF2D-446E-B4AC-8CAE213F5F41}.Debug|Any CPU.ActiveCfg = Debug|Any CPU
		{D4A42343-DF2D-446E-B4AC-8CAE213F5F41}.Debug|Any CPU.Build.0 = Debug|Any CPU
		{D4A42343-DF2D-446E-B4AC-8CAE213F5F41}.Debug|x64.ActiveCfg = Debug|Any CPU
		{D4A42343-DF2D-446E-B4AC-8CAE213F5F41}.Debug|x64.Build.0 = Debug|Any CPU
		{D4A42343-DF2D-446E-B4AC-8CAE213F5F41}.Debug|x86.ActiveCfg = Debug|Any CPU
		{D4A42343-DF2D-446E-B4AC-8CAE213F5F41}.Debug|x86.Build.0 = Debug|Any CPU
		{D4A42343-DF2D-446E-B4AC-8CAE213F5F41}.Release|Any CPU.ActiveCfg = Release|Any CPU
		{D4A42343-DF2D-446E-B4AC-8CAE213F5F41}.Release|Any CPU.Build.0 = Release|Any CPU
		{D4A42343-DF2D-446E-B4AC-8CAE213F5F41}.Release|x64.ActiveCfg = Release|Any CPU
		{D4A42343-DF2D-446E-B4AC-8CAE213F5F41}.Release|x64.Build.0 = Release|Any CPU
		{D4A42343-DF2D-446E-B4AC-8CAE213F5F41}.Release|x86.ActiveCfg = Release|Any CPU
		{D4A42343-DF2D-446E-B4AC-8CAE213F5F41}.Release|x86.Build.0 = Release|Any CPU
	EndGlobalSection
	GlobalSection(SolutionProperties) = preSolution
		HideSolutionNode = FALSE
	EndGlobalSection
	GlobalSection(ExtensibilityGlobals) = postSolution
		SolutionGuid = {F9347357-F0A4-4969-95F9-46A070717E5F}
	EndGlobalSection
EndGlobal
